
Microsoft Visual Studio Solution File, Format Version 12.00
# Visual Studio Version 17
VisualStudioVersion = 17.6.33829.357
MinimumVisualStudioVersion = 10.0.40219.1
Project("{FAE04EC0-301F-11D3-BF4B-00C04F79EFBC}") = "tp-2", "tp-2\tp-2.csproj", "{DA2FD9F7-4D80-4BF1-8C31-982B1BBDEF05}"
EndProject
Global
	GlobalSection(SolutionConfigurationPlatforms) = preSolution
		Debug|Any CPU = Debug|Any CPU
		Release|Any CPU = Release|Any CPU
	EndGlobalSection
	GlobalSection(ProjectConfigurationPlatforms) = postSolution
		{DA2FD9F7-4D80-4BF1-8C31-982B1BBDEF05}.Debug|Any CPU.ActiveCfg = Debug|Any CPU
		{DA2FD9F7-4D80-4BF1-8C31-982B1BBDEF05}.Debug|Any CPU.Build.0 = Debug|Any CPU
		{DA2FD9F7-4D80-4BF1-8C31-982B1BBDEF05}.Release|Any CPU.ActiveCfg = Release|Any CPU
		{DA2FD9F7-4D80-4BF1-8C31-982B1BBDEF05}.Release|Any CPU.Build.0 = Release|Any CPU
	EndGlobalSection
	GlobalSection(SolutionProperties) = preSolution
		HideSolutionNode = FALSE
	EndGlobalSection
	GlobalSection(ExtensibilityGlobals) = postSolution
		SolutionGuid = {A1D4016B-F57B-4EEC-A7D2-633431FDC7A4}
	EndGlobalSection
EndGlobal
